// !$*UTF8*$!
{
	archiveVersion = 1;
	classes = {
	};
	objectVersion = 48;
	objects = {

/* Begin PBXBuildFile section */
		164A5FA3206D65A300FBB8D0 /* RootNavigationController.swift in Sources */ = {isa = PBXBuildFile; fileRef = 164A5FA2206D65A300FBB8D0 /* RootNavigationController.swift */; };
		164A5FAA206D671B00FBB8D0 /* NSObject+.swift in Sources */ = {isa = PBXBuildFile; fileRef = 164A5FA5206D671B00FBB8D0 /* NSObject+.swift */; };
		164A5FAB206D671B00FBB8D0 /* NSLayoutConstraint+.swift in Sources */ = {isa = PBXBuildFile; fileRef = 164A5FA6206D671B00FBB8D0 /* NSLayoutConstraint+.swift */; };
		164A5FAC206D671B00FBB8D0 /* Array+.swift in Sources */ = {isa = PBXBuildFile; fileRef = 164A5FA7206D671B00FBB8D0 /* Array+.swift */; };
		164A5FAD206D671B00FBB8D0 /* UIView+.swift in Sources */ = {isa = PBXBuildFile; fileRef = 164A5FA8206D671B00FBB8D0 /* UIView+.swift */; };
		164A5FAE206D671B00FBB8D0 /* UIColor+.swift in Sources */ = {isa = PBXBuildFile; fileRef = 164A5FA9206D671B00FBB8D0 /* UIColor+.swift */; };
		164A5FB0206D688300FBB8D0 /* GLTable.swift in Sources */ = {isa = PBXBuildFile; fileRef = 164A5FAF206D688300FBB8D0 /* GLTable.swift */; };
		164A5FB3206D736000FBB8D0 /* GLTableViewController.swift in Sources */ = {isa = PBXBuildFile; fileRef = 164A5FB2206D736000FBB8D0 /* GLTableViewController.swift */; };
		164A5FB5206D76EA00FBB8D0 /* EventCell.swift in Sources */ = {isa = PBXBuildFile; fileRef = 164A5FB4206D76EA00FBB8D0 /* EventCell.swift */; };
		164A5FB9206D799400FBB8D0 /* Style.swift in Sources */ = {isa = PBXBuildFile; fileRef = 164A5FB8206D799400FBB8D0 /* Style.swift */; };
		164A5FBB206D7B5C00FBB8D0 /* EventDetailViewController.swift in Sources */ = {isa = PBXBuildFile; fileRef = 164A5FBA206D7B5C00FBB8D0 /* EventDetailViewController.swift */; };
		164A5FBD206D7F7700FBB8D0 /* Date+.swift in Sources */ = {isa = PBXBuildFile; fileRef = 164A5FBC206D7F7700FBB8D0 /* Date+.swift */; };
		16E840CE206D2CCF007A010A /* AppDelegate.swift in Sources */ = {isa = PBXBuildFile; fileRef = 16E840CD206D2CCF007A010A /* AppDelegate.swift */; };
		16E840D0206D2CCF007A010A /* EventListViewController.swift in Sources */ = {isa = PBXBuildFile; fileRef = 16E840CF206D2CCF007A010A /* EventListViewController.swift */; };
		16E840D3206D2CCF007A010A /* Main.storyboard in Resources */ = {isa = PBXBuildFile; fileRef = 16E840D1206D2CCF007A010A /* Main.storyboard */; };
		16E840D5206D2CCF007A010A /* Assets.xcassets in Resources */ = {isa = PBXBuildFile; fileRef = 16E840D4206D2CCF007A010A /* Assets.xcassets */; };
		16E840D8206D2CD0007A010A /* LaunchScreen.storyboard in Resources */ = {isa = PBXBuildFile; fileRef = 16E840D6206D2CD0007A010A /* LaunchScreen.storyboard */; };
		16E840E0206D31E5007A010A /* GoogleService-Info.plist in Resources */ = {isa = PBXBuildFile; fileRef = 16E840DF206D31E5007A010A /* GoogleService-Info.plist */; };
		16E840E2206D3CD0007A010A /* Event.swift in Sources */ = {isa = PBXBuildFile; fileRef = 16E840E1206D3CD0007A010A /* Event.swift */; };
		E817ED3CAFD4C665093C510C /* Pods_UChicago_SES.framework in Frameworks */ = {isa = PBXBuildFile; fileRef = 928A1688CE7CB6ED0789E984 /* Pods_UChicago_SES.framework */; };
/* End PBXBuildFile section */

/* Begin PBXFileReference section */
		164A5FA2206D65A300FBB8D0 /* RootNavigationController.swift */ = {isa = PBXFileReference; lastKnownFileType = sourcecode.swift; path = RootNavigationController.swift; sourceTree = "<group>"; };
		164A5FA5206D671B00FBB8D0 /* NSObject+.swift */ = {isa = PBXFileReference; fileEncoding = 4; lastKnownFileType = sourcecode.swift; path = "NSObject+.swift"; sourceTree = "<group>"; };
		164A5FA6206D671B00FBB8D0 /* NSLayoutConstraint+.swift */ = {isa = PBXFileReference; fileEncoding = 4; lastKnownFileType = sourcecode.swift; path = "NSLayoutConstraint+.swift"; sourceTree = "<group>"; };
		164A5FA7206D671B00FBB8D0 /* Array+.swift */ = {isa = PBXFileReference; fileEncoding = 4; lastKnownFileType = sourcecode.swift; path = "Array+.swift"; sourceTree = "<group>"; };
		164A5FA8206D671B00FBB8D0 /* UIView+.swift */ = {isa = PBXFileReference; fileEncoding = 4; lastKnownFileType = sourcecode.swift; path = "UIView+.swift"; sourceTree = "<group>"; };
		164A5FA9206D671B00FBB8D0 /* UIColor+.swift */ = {isa = PBXFileReference; fileEncoding = 4; lastKnownFileType = sourcecode.swift; path = "UIColor+.swift"; sourceTree = "<group>"; };
		164A5FAF206D688300FBB8D0 /* GLTable.swift */ = {isa = PBXFileReference; lastKnownFileType = sourcecode.swift; name = GLTable.swift; path = "UChicago SES/GLTable.swift"; sourceTree = SOURCE_ROOT; };
		164A5FB2206D736000FBB8D0 /* GLTableViewController.swift */ = {isa = PBXFileReference; lastKnownFileType = sourcecode.swift; path = GLTableViewController.swift; sourceTree = "<group>"; };
		164A5FB4206D76EA00FBB8D0 /* EventCell.swift */ = {isa = PBXFileReference; lastKnownFileType = sourcecode.swift; path = EventCell.swift; sourceTree = "<group>"; };
		164A5FB8206D799400FBB8D0 /* Style.swift */ = {isa = PBXFileReference; lastKnownFileType = sourcecode.swift; path = Style.swift; sourceTree = "<group>"; };
		164A5FBA206D7B5C00FBB8D0 /* EventDetailViewController.swift */ = {isa = PBXFileReference; lastKnownFileType = sourcecode.swift; path = EventDetailViewController.swift; sourceTree = "<group>"; };
		164A5FBC206D7F7700FBB8D0 /* Date+.swift */ = {isa = PBXFileReference; lastKnownFileType = sourcecode.swift; path = "Date+.swift"; sourceTree = "<group>"; };
		16E840CA206D2CCF007A010A /* UChicago SES.app */ = {isa = PBXFileReference; explicitFileType = wrapper.application; includeInIndex = 0; path = "UChicago SES.app"; sourceTree = BUILT_PRODUCTS_DIR; };
		16E840CD206D2CCF007A010A /* AppDelegate.swift */ = {isa = PBXFileReference; lastKnownFileType = sourcecode.swift; path = AppDelegate.swift; sourceTree = "<group>"; };
		16E840CF206D2CCF007A010A /* EventListViewController.swift */ = {isa = PBXFileReference; lastKnownFileType = sourcecode.swift; path = EventListViewController.swift; sourceTree = "<group>"; };
		16E840D2206D2CCF007A010A /* Base */ = {isa = PBXFileReference; lastKnownFileType = file.storyboard; name = Base; path = Base.lproj/Main.storyboard; sourceTree = "<group>"; };
		16E840D4206D2CCF007A010A /* Assets.xcassets */ = {isa = PBXFileReference; lastKnownFileType = folder.assetcatalog; path = Assets.xcassets; sourceTree = "<group>"; };
		16E840D7206D2CD0007A010A /* Base */ = {isa = PBXFileReference; lastKnownFileType = file.storyboard; name = Base; path = Base.lproj/LaunchScreen.storyboard; sourceTree = "<group>"; };
		16E840D9206D2CD0007A010A /* Info.plist */ = {isa = PBXFileReference; lastKnownFileType = text.plist.xml; path = Info.plist; sourceTree = "<group>"; };
		16E840DF206D31E5007A010A /* GoogleService-Info.plist */ = {isa = PBXFileReference; fileEncoding = 4; lastKnownFileType = text.plist.xml; name = "GoogleService-Info.plist"; path = "../../../Downloads/GoogleService-Info.plist"; sourceTree = "<group>"; };
		16E840E1206D3CD0007A010A /* Event.swift */ = {isa = PBXFileReference; lastKnownFileType = sourcecode.swift; path = Event.swift; sourceTree = "<group>"; };
		928A1688CE7CB6ED0789E984 /* Pods_UChicago_SES.framework */ = {isa = PBXFileReference; explicitFileType = wrapper.framework; includeInIndex = 0; path = Pods_UChicago_SES.framework; sourceTree = BUILT_PRODUCTS_DIR; };
		9DAA9FB3A984A721E3871834 /* Pods-UChicago SES.debug.xcconfig */ = {isa = PBXFileReference; includeInIndex = 1; lastKnownFileType = text.xcconfig; name = "Pods-UChicago SES.debug.xcconfig"; path = "Pods/Target Support Files/Pods-UChicago SES/Pods-UChicago SES.debug.xcconfig"; sourceTree = "<group>"; };
		C821EDB1FA387F75EE0A06AA /* Pods-UChicago SES.release.xcconfig */ = {isa = PBXFileReference; includeInIndex = 1; lastKnownFileType = text.xcconfig; name = "Pods-UChicago SES.release.xcconfig"; path = "Pods/Target Support Files/Pods-UChicago SES/Pods-UChicago SES.release.xcconfig"; sourceTree = "<group>"; };
/* End PBXFileReference section */

/* Begin PBXFrameworksBuildPhase section */
		16E840C7206D2CCF007A010A /* Frameworks */ = {
			isa = PBXFrameworksBuildPhase;
			buildActionMask = 2147483647;
			files = (
				E817ED3CAFD4C665093C510C /* Pods_UChicago_SES.framework in Frameworks */,
			);
			runOnlyForDeploymentPostprocessing = 0;
		};
/* End PBXFrameworksBuildPhase section */

/* Begin PBXGroup section */
		164A5FA4206D671B00FBB8D0 /* Extensions */ = {
			isa = PBXGroup;
			children = (
				164A5FA5206D671B00FBB8D0 /* NSObject+.swift */,
				164A5FA6206D671B00FBB8D0 /* NSLayoutConstraint+.swift */,
				164A5FA7206D671B00FBB8D0 /* Array+.swift */,
				164A5FA8206D671B00FBB8D0 /* UIView+.swift */,
				164A5FA9206D671B00FBB8D0 /* UIColor+.swift */,
				164A5FBC206D7F7700FBB8D0 /* Date+.swift */,
			);
			path = Extensions;
			sourceTree = "<group>";
		};
		164A5FB1206D735000FBB8D0 /* GL */ = {
			isa = PBXGroup;
			children = (
				164A5FAF206D688300FBB8D0 /* GLTable.swift */,
				164A5FB2206D736000FBB8D0 /* GLTableViewController.swift */,
			);
			path = GL;
			sourceTree = "<group>";
		};
		164A5FB6206D789100FBB8D0 /* Screens */ = {
			isa = PBXGroup;
			children = (
				16E840CF206D2CCF007A010A /* EventListViewController.swift */,
				164A5FB4206D76EA00FBB8D0 /* EventCell.swift */,
				164A5FBA206D7B5C00FBB8D0 /* EventDetailViewController.swift */,
			);
			path = Screens;
			sourceTree = "<group>";
		};
		164A5FB7206D798000FBB8D0 /* Style */ = {
			isa = PBXGroup;
			children = (
				164A5FB8206D799400FBB8D0 /* Style.swift */,
			);
			path = Style;
			sourceTree = "<group>";
		};
		16E840C1206D2CCF007A010A = {
			isa = PBXGroup;
			children = (
				16E840CC206D2CCF007A010A /* UChicago SES */,
				16E840CB206D2CCF007A010A /* Products */,
				25DA5124053856CDD30F76B2 /* Pods */,
				E10274F830604375BF2E98ED /* Frameworks */,
			);
			sourceTree = "<group>";
		};
		16E840CB206D2CCF007A010A /* Products */ = {
			isa = PBXGroup;
			children = (
				16E840CA206D2CCF007A010A /* UChicago SES.app */,
			);
			name = Products;
			sourceTree = "<group>";
		};
		16E840CC206D2CCF007A010A /* UChicago SES */ = {
			isa = PBXGroup;
			children = (
				164A5FB7206D798000FBB8D0 /* Style */,
				164A5FB6206D789100FBB8D0 /* Screens */,
				164A5FB1206D735000FBB8D0 /* GL */,
				164A5FA4206D671B00FBB8D0 /* Extensions */,
				16E840CD206D2CCF007A010A /* AppDelegate.swift */,
				16E840D1206D2CCF007A010A /* Main.storyboard */,
				16E840D4206D2CCF007A010A /* Assets.xcassets */,
				16E840D6206D2CD0007A010A /* LaunchScreen.storyboard */,
				16E840D9206D2CD0007A010A /* Info.plist */,
				16E840DF206D31E5007A010A /* GoogleService-Info.plist */,
				16E840E1206D3CD0007A010A /* Event.swift */,
				164A5FA2206D65A300FBB8D0 /* RootNavigationController.swift */,
			);
			path = "UChicago SES";
			sourceTree = "<group>";
		};
		25DA5124053856CDD30F76B2 /* Pods */ = {
			isa = PBXGroup;
			children = (
				9DAA9FB3A984A721E3871834 /* Pods-UChicago SES.debug.xcconfig */,
				C821EDB1FA387F75EE0A06AA /* Pods-UChicago SES.release.xcconfig */,
			);
			name = Pods;
			sourceTree = "<group>";
		};
		E10274F830604375BF2E98ED /* Frameworks */ = {
			isa = PBXGroup;
			children = (
				928A1688CE7CB6ED0789E984 /* Pods_UChicago_SES.framework */,
			);
			name = Frameworks;
			sourceTree = "<group>";
		};
/* End PBXGroup section */

/* Begin PBXNativeTarget section */
		16E840C9206D2CCF007A010A /* UChicago SES */ = {
			isa = PBXNativeTarget;
			buildConfigurationList = 16E840DC206D2CD0007A010A /* Build configuration list for PBXNativeTarget "UChicago SES" */;
			buildPhases = (
				710FBEE78EA3ED55E9975ADF /* [CP] Check Pods Manifest.lock */,
				16E840C6206D2CCF007A010A /* Sources */,
				16E840C7206D2CCF007A010A /* Frameworks */,
				16E840C8206D2CCF007A010A /* Resources */,
				8468C9DB3A19CB403C4F5913 /* [CP] Embed Pods Frameworks */,
				B9F9F9B92B557B130BD414FB /* [CP] Copy Pods Resources */,
			);
			buildRules = (
			);
			dependencies = (
			);
			name = "UChicago SES";
			productName = "UChicago SES";
			productReference = 16E840CA206D2CCF007A010A /* UChicago SES.app */;
			productType = "com.apple.product-type.application";
		};
/* End PBXNativeTarget section */

/* Begin PBXProject section */
		16E840C2206D2CCF007A010A /* Project object */ = {
			isa = PBXProject;
			attributes = {
				LastSwiftUpdateCheck = 0920;
				LastUpgradeCheck = 0920;
				ORGANIZATIONNAME = "Jacob Lillioja";
				TargetAttributes = {
					16E840C9206D2CCF007A010A = {
						CreatedOnToolsVersion = 9.2;
						ProvisioningStyle = Automatic;
					};
				};
			};
			buildConfigurationList = 16E840C5206D2CCF007A010A /* Build configuration list for PBXProject "UChicago SES" */;
			compatibilityVersion = "Xcode 8.0";
			developmentRegion = en;
			hasScannedForEncodings = 0;
			knownRegions = (
				en,
				Base,
			);
			mainGroup = 16E840C1206D2CCF007A010A;
			productRefGroup = 16E840CB206D2CCF007A010A /* Products */;
			projectDirPath = "";
			projectRoot = "";
			targets = (
				16E840C9206D2CCF007A010A /* UChicago SES */,
			);
		};
/* End PBXProject section */

/* Begin PBXResourcesBuildPhase section */
		16E840C8206D2CCF007A010A /* Resources */ = {
			isa = PBXResourcesBuildPhase;
			buildActionMask = 2147483647;
			files = (
				16E840D8206D2CD0007A010A /* LaunchScreen.storyboard in Resources */,
				16E840E0206D31E5007A010A /* GoogleService-Info.plist in Resources */,
				16E840D5206D2CCF007A010A /* Assets.xcassets in Resources */,
				16E840D3206D2CCF007A010A /* Main.storyboard in Resources */,
			);
			runOnlyForDeploymentPostprocessing = 0;
		};
/* End PBXResourcesBuildPhase section */

/* Begin PBXShellScriptBuildPhase section */
		710FBEE78EA3ED55E9975ADF /* [CP] Check Pods Manifest.lock */ = {
			isa = PBXShellScriptBuildPhase;
			buildActionMask = 2147483647;
			files = (
			);
			inputPaths = (
				"${PODS_PODFILE_DIR_PATH}/Podfile.lock",
				"${PODS_ROOT}/Manifest.lock",
			);
			name = "[CP] Check Pods Manifest.lock";
			outputPaths = (
				"$(DERIVED_FILE_DIR)/Pods-UChicago SES-checkManifestLockResult.txt",
			);
			runOnlyForDeploymentPostprocessing = 0;
			shellPath = /bin/sh;
			shellScript = "diff \"${PODS_PODFILE_DIR_PATH}/Podfile.lock\" \"${PODS_ROOT}/Manifest.lock\" > /dev/null\nif [ $? != 0 ] ; then\n    # print error to STDERR\n    echo \"error: The sandbox is not in sync with the Podfile.lock. Run 'pod install' or update your CocoaPods installation.\" >&2\n    exit 1\nfi\n# This output is used by Xcode 'outputs' to avoid re-running this script phase.\necho \"SUCCESS\" > \"${SCRIPT_OUTPUT_FILE_0}\"\n";
			showEnvVarsInLog = 0;
		};
		8468C9DB3A19CB403C4F5913 /* [CP] Embed Pods Frameworks */ = {
			isa = PBXShellScriptBuildPhase;
			buildActionMask = 2147483647;
			files = (
			);
			inputPaths = (
				"${SRCROOT}/Pods/Target Support Files/Pods-UChicago SES/Pods-UChicago SES-frameworks.sh",
				"${BUILT_PRODUCTS_DIR}/GoogleToolboxForMac/GoogleToolboxForMac.framework",
				"${BUILT_PRODUCTS_DIR}/leveldb-library/leveldb.framework",
				"${BUILT_PRODUCTS_DIR}/nanopb/nanopb.framework",
			);
			name = "[CP] Embed Pods Frameworks";
			outputPaths = (
				"${TARGET_BUILD_DIR}/${FRAMEWORKS_FOLDER_PATH}/GoogleToolboxForMac.framework",
				"${TARGET_BUILD_DIR}/${FRAMEWORKS_FOLDER_PATH}/leveldb.framework",
				"${TARGET_BUILD_DIR}/${FRAMEWORKS_FOLDER_PATH}/nanopb.framework",
			);
			runOnlyForDeploymentPostprocessing = 0;
			shellPath = /bin/sh;
			shellScript = "\"${SRCROOT}/Pods/Target Support Files/Pods-UChicago SES/Pods-UChicago SES-frameworks.sh\"\n";
			showEnvVarsInLog = 0;
		};
		B9F9F9B92B557B130BD414FB /* [CP] Copy Pods Resources */ = {
			isa = PBXShellScriptBuildPhase;
			buildActionMask = 2147483647;
			files = (
			);
			inputPaths = (
			);
			name = "[CP] Copy Pods Resources";
			outputPaths = (
			);
			runOnlyForDeploymentPostprocessing = 0;
			shellPath = /bin/sh;
			shellScript = "\"${SRCROOT}/Pods/Target Support Files/Pods-UChicago SES/Pods-UChicago SES-resources.sh\"\n";
			showEnvVarsInLog = 0;
		};
/* End PBXShellScriptBuildPhase section */

/* Begin PBXSourcesBuildPhase section */
		16E840C6206D2CCF007A010A /* Sources */ = {
			isa = PBXSourcesBuildPhase;
			buildActionMask = 2147483647;
			files = (
				164A5FAA206D671B00FBB8D0 /* NSObject+.swift in Sources */,
				16E840D0206D2CCF007A010A /* EventListViewController.swift in Sources */,
				164A5FA3206D65A300FBB8D0 /* RootNavigationController.swift in Sources */,
				16E840E2206D3CD0007A010A /* Event.swift in Sources */,
				164A5FB5206D76EA00FBB8D0 /* EventCell.swift in Sources */,
				164A5FB9206D799400FBB8D0 /* Style.swift in Sources */,
				164A5FAD206D671B00FBB8D0 /* UIView+.swift in Sources */,
				164A5FB0206D688300FBB8D0 /* GLTable.swift in Sources */,
				16E840CE206D2CCF007A010A /* AppDelegate.swift in Sources */,
				164A5FAB206D671B00FBB8D0 /* NSLayoutConstraint+.swift in Sources */,
				164A5FAC206D671B00FBB8D0 /* Array+.swift in Sources */,
				164A5FB3206D736000FBB8D0 /* GLTableViewController.swift in Sources */,
				164A5FBD206D7F7700FBB8D0 /* Date+.swift in Sources */,
				164A5FBB206D7B5C00FBB8D0 /* EventDetailViewController.swift in Sources */,
				164A5FAE206D671B00FBB8D0 /* UIColor+.swift in Sources */,
			);
			runOnlyForDeploymentPostprocessing = 0;
		};
/* End PBXSourcesBuildPhase section */

/* Begin PBXVariantGroup section */
		16E840D1206D2CCF007A010A /* Main.storyboard */ = {
			isa = PBXVariantGroup;
			children = (
				16E840D2206D2CCF007A010A /* Base */,
			);
			name = Main.storyboard;
			sourceTree = "<group>";
		};
		16E840D6206D2CD0007A010A /* LaunchScreen.storyboard */ = {
			isa = PBXVariantGroup;
			children = (
				16E840D7206D2CD0007A010A /* Base */,
			);
			name = LaunchScreen.storyboard;
			sourceTree = "<group>";
		};
/* End PBXVariantGroup section */

/* Begin XCBuildConfiguration section */
		16E840DA206D2CD0007A010A /* Debug */ = {
			isa = XCBuildConfiguration;
			buildSettings = {
				ALWAYS_SEARCH_USER_PATHS = NO;
				CLANG_ANALYZER_NONNULL = YES;
				CLANG_ANALYZER_NUMBER_OBJECT_CONVERSION = YES_AGGRESSIVE;
				CLANG_CXX_LANGUAGE_STANDARD = "gnu++14";
				CLANG_CXX_LIBRARY = "libc++";
				CLANG_ENABLE_MODULES = YES;
				CLANG_ENABLE_OBJC_ARC = YES;
				CLANG_WARN_BLOCK_CAPTURE_AUTORELEASING = YES;
				CLANG_WARN_BOOL_CONVERSION = YES;
				CLANG_WARN_COMMA = YES;
				CLANG_WARN_CONSTANT_CONVERSION = YES;
				CLANG_WARN_DIRECT_OBJC_ISA_USAGE = YES_ERROR;
				CLANG_WARN_DOCUMENTATION_COMMENTS = YES;
				CLANG_WARN_EMPTY_BODY = YES;
				CLANG_WARN_ENUM_CONVERSION = YES;
				CLANG_WARN_INFINITE_RECURSION = YES;
				CLANG_WARN_INT_CONVERSION = YES;
				CLANG_WARN_NON_LITERAL_NULL_CONVERSION = YES;
				CLANG_WARN_OBJC_LITERAL_CONVERSION = YES;
				CLANG_WARN_OBJC_ROOT_CLASS = YES_ERROR;
				CLANG_WARN_RANGE_LOOP_ANALYSIS = YES;
				CLANG_WARN_STRICT_PROTOTYPES = YES;
				CLANG_WARN_SUSPICIOUS_MOVE = YES;
				CLANG_WARN_UNGUARDED_AVAILABILITY = YES_AGGRESSIVE;
				CLANG_WARN_UNREACHABLE_CODE = YES;
				CLANG_WARN__DUPLICATE_METHOD_MATCH = YES;
				CODE_SIGN_IDENTITY = "iPhone Developer";
				COPY_PHASE_STRIP = NO;
				DEBUG_INFORMATION_FORMAT = dwarf;
				ENABLE_STRICT_OBJC_MSGSEND = YES;
				ENABLE_TESTABILITY = YES;
				GCC_C_LANGUAGE_STANDARD = gnu11;
				GCC_DYNAMIC_NO_PIC = NO;
				GCC_NO_COMMON_BLOCKS = YES;
				GCC_OPTIMIZATION_LEVEL = 0;
				GCC_PREPROCESSOR_DEFINITIONS = (
					"DEBUG=1",
					"$(inherited)",
				);
				GCC_WARN_64_TO_32_BIT_CONVERSION = YES;
				GCC_WARN_ABOUT_RETURN_TYPE = YES_ERROR;
				GCC_WARN_UNDECLARED_SELECTOR = YES;
				GCC_WARN_UNINITIALIZED_AUTOS = YES_AGGRESSIVE;
				GCC_WARN_UNUSED_FUNCTION = YES;
				GCC_WARN_UNUSED_VARIABLE = YES;
				IPHONEOS_DEPLOYMENT_TARGET = 11.2;
				MTL_ENABLE_DEBUG_INFO = YES;
				ONLY_ACTIVE_ARCH = YES;
				SDKROOT = iphoneos;
				SWIFT_ACTIVE_COMPILATION_CONDITIONS = DEBUG;
				SWIFT_OPTIMIZATION_LEVEL = "-Onone";
			};
			name = Debug;
		};
		16E840DB206D2CD0007A010A /* Release */ = {
			isa = XCBuildConfiguration;
			buildSettings = {
				ALWAYS_SEARCH_USER_PATHS = NO;
				CLANG_ANALYZER_NONNULL = YES;
				CLANG_ANALYZER_NUMBER_OBJECT_CONVERSION = YES_AGGRESSIVE;
				CLANG_CXX_LANGUAGE_STANDARD = "gnu++14";
				CLANG_CXX_LIBRARY = "libc++";
				CLANG_ENABLE_MODULES = YES;
				CLANG_ENABLE_OBJC_ARC = YES;
				CLANG_WARN_BLOCK_CAPTURE_AUTORELEASING = YES;
				CLANG_WARN_BOOL_CONVERSION = YES;
				CLANG_WARN_COMMA = YES;
				CLANG_WARN_CONSTANT_CONVERSION = YES;
				CLANG_WARN_DIRECT_OBJC_ISA_USAGE = YES_ERROR;
				CLANG_WARN_DOCUMENTATION_COMMENTS = YES;
				CLANG_WARN_EMPTY_BODY = YES;
				CLANG_WARN_ENUM_CONVERSION = YES;
				CLANG_WARN_INFINITE_RECURSION = YES;
				CLANG_WARN_INT_CONVERSION = YES;
				CLANG_WARN_NON_LITERAL_NULL_CONVERSION = YES;
				CLANG_WARN_OBJC_LITERAL_CONVERSION = YES;
				CLANG_WARN_OBJC_ROOT_CLASS = YES_ERROR;
				CLANG_WARN_RANGE_LOOP_ANALYSIS = YES;
				CLANG_WARN_STRICT_PROTOTYPES = YES;
				CLANG_WARN_SUSPICIOUS_MOVE = YES;
				CLANG_WARN_UNGUARDED_AVAILABILITY = YES_AGGRESSIVE;
				CLANG_WARN_UNREACHABLE_CODE = YES;
				CLANG_WARN__DUPLICATE_METHOD_MATCH = YES;
				CODE_SIGN_IDENTITY = "iPhone Developer";
				COPY_PHASE_STRIP = NO;
				DEBUG_INFORMATION_FORMAT = "dwarf-with-dsym";
				ENABLE_NS_ASSERTIONS = NO;
				ENABLE_STRICT_OBJC_MSGSEND = YES;
				GCC_C_LANGUAGE_STANDARD = gnu11;
				GCC_NO_COMMON_BLOCKS = YES;
				GCC_WARN_64_TO_32_BIT_CONVERSION = YES;
				GCC_WARN_ABOUT_RETURN_TYPE = YES_ERROR;
				GCC_WARN_UNDECLARED_SELECTOR = YES;
				GCC_WARN_UNINITIALIZED_AUTOS = YES_AGGRESSIVE;
				GCC_WARN_UNUSED_FUNCTION = YES;
				GCC_WARN_UNUSED_VARIABLE = YES;
				IPHONEOS_DEPLOYMENT_TARGET = 11.2;
				MTL_ENABLE_DEBUG_INFO = NO;
				SDKROOT = iphoneos;
				SWIFT_OPTIMIZATION_LEVEL = "-Owholemodule";
				VALIDATE_PRODUCT = YES;
			};
			name = Release;
		};
		16E840DD206D2CD0007A010A /* Debug */ = {
			isa = XCBuildConfiguration;
			baseConfigurationReference = 9DAA9FB3A984A721E3871834 /* Pods-UChicago SES.debug.xcconfig */;
			buildSettings = {
				ASSETCATALOG_COMPILER_APPICON_NAME = AppIcon;
				CODE_SIGN_STYLE = Automatic;
				DEVELOPMENT_TEAM = 34J4GF89XX;
				INFOPLIST_FILE = "UChicago SES/Info.plist";
				LD_RUNPATH_SEARCH_PATHS = "$(inherited) @executable_path/Frameworks";
				PRODUCT_BUNDLE_IDENTIFIER = "com.jlillioja.UChicago-SES";
				PRODUCT_NAME = "$(TARGET_NAME)";
				SWIFT_VERSION = 4.0;
				TARGETED_DEVICE_FAMILY = "1,2";
			};
			name = Debug;
		};
		16E840DE206D2CD0007A010A /* Release */ = {
			isa = XCBuildConfiguration;
			baseConfigurationReference = C821EDB1FA387F75EE0A06AA /* Pods-UChicago SES.release.xcconfig */;
			buildSettings = {
				ASSETCATALOG_COMPILER_APPICON_NAME = AppIcon;
				CODE_SIGN_STYLE = Automatic;
				DEVELOPMENT_TEAM = 34J4GF89XX;
				INFOPLIST_FILE = "UChicago SES/Info.plist";
				LD_RUNPATH_SEARCH_PATHS = "$(inherited) @executable_path/Frameworks";
				PRODUCT_BUNDLE_IDENTIFIER = "com.jlillioja.UChicago-SES";
				PRODUCT_NAME = "$(TARGET_NAME)";
				SWIFT_VERSION = 4.0;
				TARGETED_DEVICE_FAMILY = "1,2";
			};
			name = Release;
		};
/* End XCBuildConfiguration section */

/* Begin XCConfigurationList section */
		16E840C5206D2CCF007A010A /* Build configuration list for PBXProject "UChicago SES" */ = {
			isa = XCConfigurationList;
			buildConfigurations = (
				16E840DA206D2CD0007A010A /* Debug */,
				16E840DB206D2CD0007A010A /* Release */,
			);
			defaultConfigurationIsVisible = 0;
			defaultConfigurationName = Release;
		};
		16E840DC206D2CD0007A010A /* Build configuration list for PBXNativeTarget "UChicago SES" */ = {
			isa = XCConfigurationList;
			buildConfigurations = (
				16E840DD206D2CD0007A010A /* Debug */,
				16E840DE206D2CD0007A010A /* Release */,
			);
			defaultConfigurationIsVisible = 0;
			defaultConfigurationName = Release;
		};
/* End XCConfigurationList section */
	};
	rootObject = 16E840C2206D2CCF007A010A /* Project object */;
}
